# THIS IS AN AUTOGENERATED FILE. DO NOT EDIT THIS FILE DIRECTLY.
# yarn lockfile v1


"@angular/core@^10.1.2":
  version "10.1.2"
  resolved "https://registry.yarnpkg.com/@angular/core/-/core-10.1.2.tgz#53fc470383f7850aa6f025b89b12643109d2cf24"
  integrity sha512-iBVkCgXMp3TofrbZVwpuSbLAiLHF/fbx9xHnFcjBQUXBUIoxiEB4NcrPHibmBVNX0J45hO6iLsG+ZtFZbMifNg==
  dependencies:
    tslib "^2.0.0"

"@angular/router@^10.1.2":
  version "10.1.2"
  resolved "https://registry.yarnpkg.com/@angular/router/-/router-10.1.2.tgz#bddfdd4acc88bf1eab359859dc3f832a448489e1"
  integrity sha512-JufAdFyTsB9I9aMD/WNBaI4Fi81SuN6cJm9idSwsUHbEOfB96aQL4dfNEOarzfD9KtDi1vADzkrmVRc2tz2qNw==
  dependencies:
    tslib "^2.0.0"

"@ionic/angular@^5.3.3":
  version "5.3.3"
  resolved "https://registry.yarnpkg.com/@ionic/angular/-/angular-5.3.3.tgz#10f637df2e5ff7483b9ddccfd272815850616cf4"
  integrity sha512-LI7j3Pt/b6YI3TtMCMipnvYi3O1YHbDToSW1OG3gYwNgj3gcYosn9d9F1ubU90Ot6g/mOKxK45XWw0K2VH3T+w==
  dependencies:
    "@ionic/core" "5.3.3"
    tslib "^1.9.3"

"@ionic/core@5.3.3":
  version "5.3.3"
  resolved "https://registry.yarnpkg.com/@ionic/core/-/core-5.3.3.tgz#674c741186f162f1170da067af707bf623dd7971"
  integrity sha512-vXZQAPdLM0XimXJ+8pSQijIYliD+WiBQy3zkRG5czXsVkhCdwd095XgZ7pcdmWDstUKxtB1BzxJgKntjJw0Tdg==
  dependencies:
    ionicons "^5.1.2"
    tslib "^1.10.0"

angular-webstorage-service@^1.0.2:
  version "1.0.2"
  resolved "https://registry.yarnpkg.com/angular-webstorage-service/-/angular-webstorage-service-1.0.2.tgz#caa21ae8deba822666dc0aaa49124b94a72664ed"
  integrity sha512-LPTAW+P3DlACdCfOd2Cpg4jqciIIfsIZjQafVl5IrjrcoplpUiOImrKo+R0jfVIZ/V04OJWKDDGqLm9YraDIcw==

ionicons@^5.1.2:
  version "5.1.2"
  resolved "https://registry.yarnpkg.com/ionicons/-/ionicons-5.1.2.tgz#f00f17d2f23be94e8a248c9ebbaea236a6132f0d"
  integrity sha512-zO7ZgbBbXhpA7cXO2rDzTNdcCqErjg1Sprq/ossTvaiV0MriOjRE7JO3EGvYjDTPzF9YALGpvLXqCgsRT0tprA==

tslib@^1.10.0, tslib@^1.9.3:
  version "1.13.0"
  resolved "https://registry.yarnpkg.com/tslib/-/tslib-1.13.0.tgz#c881e13cc7015894ed914862d276436fa9a47043"
  integrity sha512-i/6DQjL8Xf3be4K/E6Wgpekn5Qasl1usyw++dAA35Ue5orEn65VIxOA+YvNNl9HV3qv70T7CNwjODHZrLwvd1Q==

tslib@^2.0.0:
  version "2.0.1"
  resolved "https://registry.yarnpkg.com/tslib/-/tslib-2.0.1.tgz#410eb0d113e5b6356490eec749603725b021b43e"
  integrity sha512-SgIkNheinmEBgx1IUNirK0TUD4X9yjjBRTqqjggWCU3pUEqIk3/Uwl3yRixYKT6WjQuGiwDv4NomL3wqRCj+CQ==
